{
  "name": "pwa",
  "version": "1.0.0",
  "lockfileVersion": 1,
  "requires": true,
  "dependencies": {
    "foundation-sites": {
      "version": "6.4.4-rc1",
      "resolved": "https://registry.npmjs.org/foundation-sites/-/foundation-sites-6.4.4-rc1.tgz",
      "integrity": "sha512-26cL66QFNqMVwM7bmIEqq4jiW+6CkIeW719ci1pchdJ4UK0Om+3Jl7MhkX/lzdzRHB75f2m1IK9lxk3JGOwApA==",
      "dev": true,
      "requires": {
        "jquery": "3.3.1",
        "what-input": "4.3.1"
      }
    },
    "jquery": {
      "version": "3.3.1",
      "resolved": "https://registry.npmjs.org/jquery/-/jquery-3.3.1.tgz",
      "integrity": "sha512-Ubldcmxp5np52/ENotGxlLe6aGMvmF4R8S6tZjsP6Knsaxd/xp3Zrh50cG93lR6nPXyUFwzN3ZSOQI0wRJNdGg==",
      "dev": true
    },
    "lit-html": {
      "version": "0.10.0",
      "resolved": "https://registry.npmjs.org/lit-html/-/lit-html-0.10.0.tgz",
      "integrity": "sha512-w+7hn1gu5O4GZiRIQBLwC+WRtqKhA54fLQeKHdcUB+iCJypUZvTiE1OsotwpxMwran4+XV4vMHYhhdDMW4/Mww=="
    },
    "typescript": {
      "version": "2.8.3",
      "resolved": "https://registry.npmjs.org/typescript/-/typescript-2.8.3.tgz",
      "integrity": "sha512-K7g15Bb6Ra4lKf7Iq2l/I5/En+hLIHmxWZGq3D4DIRNFxMNV6j2SHSvDOqs2tGd4UvD/fJvrwopzQXjLrT7Itw==",
      "dev": true
    },
    "what-input": {
      "version": "4.3.1",
      "resolved": "https://registry.npmjs.org/what-input/-/what-input-4.3.1.tgz",
      "integrity": "sha512-7KD71RWNRWI9M08shZ8+n/2UjO5amwsG9PMSXWz0iIlH8H2DVbHE8Z2tW1RqQa0kIwdeqdUIffFz7crDfkcbAw==",
      "dev": true
    }
  }
}
